// !$*UTF8*$!
{
	archiveVersion = 1;
	classes = {
	};
	objectVersion = 55;
	objects = {

/* Begin PBXBuildFile section */
		BCC41DD72791CD6E00703F15 /* AppDelegate.swift in Sources */ = {isa = PBXBuildFile; fileRef = BCC41DD62791CD6E00703F15 /* AppDelegate.swift */; };
		BCC41DD92791CD6E00703F15 /* SceneDelegate.swift in Sources */ = {isa = PBXBuildFile; fileRef = BCC41DD82791CD6E00703F15 /* SceneDelegate.swift */; };
		BCC41DDB2791CD6F00703F15 /* ViewController.swift in Sources */ = {isa = PBXBuildFile; fileRef = BCC41DDA2791CD6F00703F15 /* ViewController.swift */; };
		BCC41DDE2791CD6F00703F15 /* Main.storyboard in Resources */ = {isa = PBXBuildFile; fileRef = BCC41DDC2791CD6F00703F15 /* Main.storyboard */; };
		BCC41DE02791CD7300703F15 /* Assets.xcassets in Resources */ = {isa = PBXBuildFile; fileRef = BCC41DDF2791CD7300703F15 /* Assets.xcassets */; };
		BCC41DE32791CD7300703F15 /* LaunchScreen.storyboard in Resources */ = {isa = PBXBuildFile; fileRef = BCC41DE12791CD7300703F15 /* LaunchScreen.storyboard */; };
		BCC41DEE2791CD7400703F15 /* FMWithXMLTests.swift in Sources */ = {isa = PBXBuildFile; fileRef = BCC41DED2791CD7400703F15 /* FMWithXMLTests.swift */; };
		BCC41DF82791CD7400703F15 /* FMWithXMLUITests.swift in Sources */ = {isa = PBXBuildFile; fileRef = BCC41DF72791CD7400703F15 /* FMWithXMLUITests.swift */; };
		BCC41DFA2791CD7400703F15 /* FMWithXMLUITestsLaunchTests.swift in Sources */ = {isa = PBXBuildFile; fileRef = BCC41DF92791CD7400703F15 /* FMWithXMLUITestsLaunchTests.swift */; };
		BCC41E072791D6CE00703F15 /* ChannelListController.swift in Sources */ = {isa = PBXBuildFile; fileRef = BCC41E062791D6CE00703F15 /* ChannelListController.swift */; };
		BCC41E472794A69100703F15 /* ListViewModel.swift in Sources */ = {isa = PBXBuildFile; fileRef = BCC41E462794A69100703F15 /* ListViewModel.swift */; };
		BCC41E492794A6A100703F15 /* NetworkManager.swift in Sources */ = {isa = PBXBuildFile; fileRef = BCC41E482794A6A100703F15 /* NetworkManager.swift */; };
		BCC41E4B2794A6AF00703F15 /* ImageManager.swift in Sources */ = {isa = PBXBuildFile; fileRef = BCC41E4A2794A6AF00703F15 /* ImageManager.swift */; };
		BCC41E502794A6F200703F15 /* Channels.swift in Sources */ = {isa = PBXBuildFile; fileRef = BCC41E4F2794A6F200703F15 /* Channels.swift */; };
		BCC41E522794AAC600703F15 /* ChannelCell.swift in Sources */ = {isa = PBXBuildFile; fileRef = BCC41E512794AAC600703F15 /* ChannelCell.swift */; };
/* End PBXBuildFile section */

/* Begin PBXContainerItemProxy section */
		BCC41DEA2791CD7400703F15 /* PBXContainerItemProxy */ = {
			isa = PBXContainerItemProxy;
			containerPortal = BCC41DCB2791CD6E00703F15 /* Project object */;
			proxyType = 1;
			remoteGlobalIDString = BCC41DD22791CD6E00703F15;
			remoteInfo = FMWithXML;
		};
		BCC41DF42791CD7400703F15 /* PBXContainerItemProxy */ = {
			isa = PBXContainerItemProxy;
			containerPortal = BCC41DCB2791CD6E00703F15 /* Project object */;
			proxyType = 1;
			remoteGlobalIDString = BCC41DD22791CD6E00703F15;
			remoteInfo = FMWithXML;
		};
/* End PBXContainerItemProxy section */

/* Begin PBXFileReference section */
		BCC41DD32791CD6E00703F15 /* FMWithXML.app */ = {isa = PBXFileReference; explicitFileType = wrapper.application; includeInIndex = 0; path = FMWithXML.app; sourceTree = BUILT_PRODUCTS_DIR; };
		BCC41DD62791CD6E00703F15 /* AppDelegate.swift */ = {isa = PBXFileReference; lastKnownFileType = sourcecode.swift; path = AppDelegate.swift; sourceTree = "<group>"; };
		BCC41DD82791CD6E00703F15 /* SceneDelegate.swift */ = {isa = PBXFileReference; lastKnownFileType = sourcecode.swift; path = SceneDelegate.swift; sourceTree = "<group>"; };
		BCC41DDA2791CD6F00703F15 /* ViewController.swift */ = {isa = PBXFileReference; lastKnownFileType = sourcecode.swift; path = ViewController.swift; sourceTree = "<group>"; };
		BCC41DDD2791CD6F00703F15 /* Base */ = {isa = PBXFileReference; lastKnownFileType = file.storyboard; name = Base; path = Base.lproj/Main.storyboard; sourceTree = "<group>"; };
		BCC41DDF2791CD7300703F15 /* Assets.xcassets */ = {isa = PBXFileReference; lastKnownFileType = folder.assetcatalog; path = Assets.xcassets; sourceTree = "<group>"; };
		BCC41DE22791CD7300703F15 /* Base */ = {isa = PBXFileReference; lastKnownFileType = file.storyboard; name = Base; path = Base.lproj/LaunchScreen.storyboard; sourceTree = "<group>"; };
		BCC41DE42791CD7300703F15 /* Info.plist */ = {isa = PBXFileReference; lastKnownFileType = text.plist.xml; path = Info.plist; sourceTree = "<group>"; };
		BCC41DE92791CD7400703F15 /* FMWithXMLTests.xctest */ = {isa = PBXFileReference; explicitFileType = wrapper.cfbundle; includeInIndex = 0; path = FMWithXMLTests.xctest; sourceTree = BUILT_PRODUCTS_DIR; };
		BCC41DED2791CD7400703F15 /* FMWithXMLTests.swift */ = {isa = PBXFileReference; lastKnownFileType = sourcecode.swift; path = FMWithXMLTests.swift; sourceTree = "<group>"; };
		BCC41DF32791CD7400703F15 /* FMWithXMLUITests.xctest */ = {isa = PBXFileReference; explicitFileType = wrapper.cfbundle; includeInIndex = 0; path = FMWithXMLUITests.xctest; sourceTree = BUILT_PRODUCTS_DIR; };
		BCC41DF72791CD7400703F15 /* FMWithXMLUITests.swift */ = {isa = PBXFileReference; lastKnownFileType = sourcecode.swift; path = FMWithXMLUITests.swift; sourceTree = "<group>"; };
		BCC41DF92791CD7400703F15 /* FMWithXMLUITestsLaunchTests.swift */ = {isa = PBXFileReference; lastKnownFileType = sourcecode.swift; path = FMWithXMLUITestsLaunchTests.swift; sourceTree = "<group>"; };
		BCC41E062791D6CE00703F15 /* ChannelListController.swift */ = {isa = PBXFileReference; lastKnownFileType = sourcecode.swift; path = ChannelListController.swift; sourceTree = "<group>"; };
		BCC41E462794A69100703F15 /* ListViewModel.swift */ = {isa = PBXFileReference; lastKnownFileType = sourcecode.swift; path = ListViewModel.swift; sourceTree = "<group>"; };
		BCC41E482794A6A100703F15 /* NetworkManager.swift */ = {isa = PBXFileReference; lastKnownFileType = sourcecode.swift; path = NetworkManager.swift; sourceTree = "<group>"; };
		BCC41E4A2794A6AF00703F15 /* ImageManager.swift */ = {isa = PBXFileReference; lastKnownFileType = sourcecode.swift; path = ImageManager.swift; sourceTree = "<group>"; };
		BCC41E4F2794A6F200703F15 /* Channels.swift */ = {isa = PBXFileReference; lastKnownFileType = sourcecode.swift; path = Channels.swift; sourceTree = "<group>"; };
		BCC41E512794AAC600703F15 /* ChannelCell.swift */ = {isa = PBXFileReference; lastKnownFileType = sourcecode.swift; path = ChannelCell.swift; sourceTree = "<group>"; };
/* End PBXFileReference section */

/* Begin PBXFrameworksBuildPhase section */
		BCC41DD02791CD6E00703F15 /* Frameworks */ = {
			isa = PBXFrameworksBuildPhase;
			buildActionMask = 2147483647;
			files = (
			);
			runOnlyForDeploymentPostprocessing = 0;
		};
		BCC41DE62791CD7400703F15 /* Frameworks */ = {
			isa = PBXFrameworksBuildPhase;
			buildActionMask = 2147483647;
			files = (
			);
			runOnlyForDeploymentPostprocessing = 0;
		};
		BCC41DF02791CD7400703F15 /* Frameworks */ = {
			isa = PBXFrameworksBuildPhase;
			buildActionMask = 2147483647;
			files = (
			);
			runOnlyForDeploymentPostprocessing = 0;
		};
/* End PBXFrameworksBuildPhase section */

/* Begin PBXGroup section */
		BCC41DCA2791CD6E00703F15 = {
			isa = PBXGroup;
			children = (
				BCC41DD52791CD6E00703F15 /* FMWithXML */,
				BCC41DEC2791CD7400703F15 /* FMWithXMLTests */,
				BCC41DF62791CD7400703F15 /* FMWithXMLUITests */,
				BCC41DD42791CD6E00703F15 /* Products */,
			);
			sourceTree = "<group>";
		};
		BCC41DD42791CD6E00703F15 /* Products */ = {
			isa = PBXGroup;
			children = (
				BCC41DD32791CD6E00703F15 /* FMWithXML.app */,
				BCC41DE92791CD7400703F15 /* FMWithXMLTests.xctest */,
				BCC41DF32791CD7400703F15 /* FMWithXMLUITests.xctest */,
			);
			name = Products;
			sourceTree = "<group>";
		};
		BCC41DD52791CD6E00703F15 /* FMWithXML */ = {
			isa = PBXGroup;
			children = (
				BCC41DD62791CD6E00703F15 /* AppDelegate.swift */,
				BCC41DD82791CD6E00703F15 /* SceneDelegate.swift */,
				BCC41DDA2791CD6F00703F15 /* ViewController.swift */,
				BCC41E062791D6CE00703F15 /* ChannelListController.swift */,
				BCC41E512794AAC600703F15 /* ChannelCell.swift */,
				BCC41E462794A69100703F15 /* ListViewModel.swift */,
				BCC41E4D2794A6DA00703F15 /* Models */,
				BCC41E4C2794A6B500703F15 /* Manager */,
				BCC41DDC2791CD6F00703F15 /* Main.storyboard */,
				BCC41DDF2791CD7300703F15 /* Assets.xcassets */,
				BCC41DE12791CD7300703F15 /* LaunchScreen.storyboard */,
				BCC41DE42791CD7300703F15 /* Info.plist */,
			);
			path = FMWithXML;
			sourceTree = "<group>";
		};
		BCC41DEC2791CD7400703F15 /* FMWithXMLTests */ = {
			isa = PBXGroup;
			children = (
				BCC41DED2791CD7400703F15 /* FMWithXMLTests.swift */,
			);
			path = FMWithXMLTests;
			sourceTree = "<group>";
		};
		BCC41DF62791CD7400703F15 /* FMWithXMLUITests */ = {
			isa = PBXGroup;
			children = (
				BCC41DF72791CD7400703F15 /* FMWithXMLUITests.swift */,
				BCC41DF92791CD7400703F15 /* FMWithXMLUITestsLaunchTests.swift */,
			);
			path = FMWithXMLUITests;
			sourceTree = "<group>";
		};
		BCC41E4C2794A6B500703F15 /* Manager */ = {
			isa = PBXGroup;
			children = (
				BCC41E482794A6A100703F15 /* NetworkManager.swift */,
				BCC41E4A2794A6AF00703F15 /* ImageManager.swift */,
			);
			path = Manager;
			sourceTree = "<group>";
		};
		BCC41E4D2794A6DA00703F15 /* Models */ = {
			isa = PBXGroup;
			children = (
				BCC41E4F2794A6F200703F15 /* Channels.swift */,
			);
			path = Models;
			sourceTree = "<group>";
		};
/* End PBXGroup section */

/* Begin PBXNativeTarget section */
		BCC41DD22791CD6E00703F15 /* FMWithXML */ = {
			isa = PBXNativeTarget;
			buildConfigurationList = BCC41DFD2791CD7400703F15 /* Build configuration list for PBXNativeTarget "FMWithXML" */;
			buildPhases = (
				BCC41DCF2791CD6E00703F15 /* Sources */,
				BCC41DD02791CD6E00703F15 /* Frameworks */,
				BCC41DD12791CD6E00703F15 /* Resources */,
			);
			buildRules = (
			);
			dependencies = (
			);
			name = FMWithXML;
			productName = FMWithXML;
			productReference = BCC41DD32791CD6E00703F15 /* FMWithXML.app */;
			productType = "com.apple.product-type.application";
		};
		BCC41DE82791CD7400703F15 /* FMWithXMLTests */ = {
			isa = PBXNativeTarget;
			buildConfigurationList = BCC41E002791CD7400703F15 /* Build configuration list for PBXNativeTarget "FMWithXMLTests" */;
			buildPhases = (
				BCC41DE52791CD7400703F15 /* Sources */,
				BCC41DE62791CD7400703F15 /* Frameworks */,
				BCC41DE72791CD7400703F15 /* Resources */,
			);
			buildRules = (
			);
			dependencies = (
				BCC41DEB2791CD7400703F15 /* PBXTargetDependency */,
			);
			name = FMWithXMLTests;
			productName = FMWithXMLTests;
			productReference = BCC41DE92791CD7400703F15 /* FMWithXMLTests.xctest */;
			productType = "com.apple.product-type.bundle.unit-test";
		};
		BCC41DF22791CD7400703F15 /* FMWithXMLUITests */ = {
			isa = PBXNativeTarget;
			buildConfigurationList = BCC41E032791CD7400703F15 /* Build configuration list for PBXNativeTarget "FMWithXMLUITests" */;
			buildPhases = (
				BCC41DEF2791CD7400703F15 /* Sources */,
				BCC41DF02791CD7400703F15 /* Frameworks */,
				BCC41DF12791CD7400703F15 /* Resources */,
			);
			buildRules = (
			);
			dependencies = (
				BCC41DF52791CD7400703F15 /* PBXTargetDependency */,
			);
			name = FMWithXMLUITests;
			productName = FMWithXMLUITests;
			productReference = BCC41DF32791CD7400703F15 /* FMWithXMLUITests.xctest */;
			productType = "com.apple.product-type.bundle.ui-testing";
		};
/* End PBXNativeTarget section */

/* Begin PBXProject section */
		BCC41DCB2791CD6E00703F15 /* Project object */ = {
			isa = PBXProject;
			attributes = {
				BuildIndependentTargetsInParallel = 1;
				LastSwiftUpdateCheck = 1320;
				LastUpgradeCheck = 1320;
				TargetAttributes = {
					BCC41DD22791CD6E00703F15 = {
						CreatedOnToolsVersion = 13.2.1;
					};
					BCC41DE82791CD7400703F15 = {
						CreatedOnToolsVersion = 13.2.1;
						TestTargetID = BCC41DD22791CD6E00703F15;
					};
					BCC41DF22791CD7400703F15 = {
						CreatedOnToolsVersion = 13.2.1;
						TestTargetID = BCC41DD22791CD6E00703F15;
					};
				};
			};
			buildConfigurationList = BCC41DCE2791CD6E00703F15 /* Build configuration list for PBXProject "FMWithXML" */;
			compatibilityVersion = "Xcode 13.0";
			developmentRegion = en;
			hasScannedForEncodings = 0;
			knownRegions = (
				en,
				Base,
			);
			mainGroup = BCC41DCA2791CD6E00703F15;
			productRefGroup = BCC41DD42791CD6E00703F15 /* Products */;
			projectDirPath = "";
			projectRoot = "";
			targets = (
				BCC41DD22791CD6E00703F15 /* FMWithXML */,
				BCC41DE82791CD7400703F15 /* FMWithXMLTests */,
				BCC41DF22791CD7400703F15 /* FMWithXMLUITests */,
			);
		};
/* End PBXProject section */

/* Begin PBXResourcesBuildPhase section */
		BCC41DD12791CD6E00703F15 /* Resources */ = {
			isa = PBXResourcesBuildPhase;
			buildActionMask = 2147483647;
			files = (
				BCC41DE32791CD7300703F15 /* LaunchScreen.storyboard in Resources */,
				BCC41DE02791CD7300703F15 /* Assets.xcassets in Resources */,
				BCC41DDE2791CD6F00703F15 /* Main.storyboard in Resources */,
			);
			runOnlyForDeploymentPostprocessing = 0;
		};
		BCC41DE72791CD7400703F15 /* Resources */ = {
			isa = PBXResourcesBuildPhase;
			buildActionMask = 2147483647;
			files = (
			);
			runOnlyForDeploymentPostprocessing = 0;
		};
		BCC41DF12791CD7400703F15 /* Resources */ = {
			isa = PBXResourcesBuildPhase;
			buildActionMask = 2147483647;
			files = (
			);
			runOnlyForDeploymentPostprocessing = 0;
		};
/* End PBXResourcesBuildPhase section */

/* Begin PBXSourcesBuildPhase section */
		BCC41DCF2791CD6E00703F15 /* Sources */ = {
			isa = PBXSourcesBuildPhase;
			buildActionMask = 2147483647;
			files = (
				BCC41E492794A6A100703F15 /* NetworkManager.swift in Sources */,
				BCC41E522794AAC600703F15 /* ChannelCell.swift in Sources */,
				BCC41E472794A69100703F15 /* ListViewModel.swift in Sources */,
				BCC41E4B2794A6AF00703F15 /* ImageManager.swift in Sources */,
				BCC41DDB2791CD6F00703F15 /* ViewController.swift in Sources */,
				BCC41DD72791CD6E00703F15 /* AppDelegate.swift in Sources */,
				BCC41E502794A6F200703F15 /* Channels.swift in Sources */,
				BCC41DD92791CD6E00703F15 /* SceneDelegate.swift in Sources */,
				BCC41E072791D6CE00703F15 /* ChannelListController.swift in Sources */,
			);
			runOnlyForDeploymentPostprocessing = 0;
		};
		BCC41DE52791CD7400703F15 /* Sources */ = {
			isa = PBXSourcesBuildPhase;
			buildActionMask = 2147483647;
			files = (
				BCC41DEE2791CD7400703F15 /* FMWithXMLTests.swift in Sources */,
			);
			runOnlyForDeploymentPostprocessing = 0;
		};
		BCC41DEF2791CD7400703F15 /* Sources */ = {
			isa = PBXSourcesBuildPhase;
			buildActionMask = 2147483647;
			files = (
				BCC41DF82791CD7400703F15 /* FMWithXMLUITests.swift in Sources */,
				BCC41DFA2791CD7400703F15 /* FMWithXMLUITestsLaunchTests.swift in Sources */,
			);
			runOnlyForDeploymentPostprocessing = 0;
		};
/* End PBXSourcesBuildPhase section */

/* Begin PBXTargetDependency section */
		BCC41DEB2791CD7400703F15 /* PBXTargetDependency */ = {
			isa = PBXTargetDependency;
			target = BCC41DD22791CD6E00703F15 /* FMWithXML */;
			targetProxy = BCC41DEA2791CD7400703F15 /* PBXContainerItemProxy */;
		};
		BCC41DF52791CD7400703F15 /* PBXTargetDependency */ = {
			isa = PBXTargetDependency;
			target = BCC41DD22791CD6E00703F15 /* FMWithXML */;
			targetProxy = BCC41DF42791CD7400703F15 /* PBXContainerItemProxy */;
		};
/* End PBXTargetDependency section */

/* Begin PBXVariantGroup section */
		BCC41DDC2791CD6F00703F15 /* Main.storyboard */ = {
			isa = PBXVariantGroup;
			children = (
				BCC41DDD2791CD6F00703F15 /* Base */,
			);
			name = Main.storyboard;
			sourceTree = "<group>";
		};
		BCC41DE12791CD7300703F15 /* LaunchScreen.storyboard */ = {
			isa = PBXVariantGroup;
			children = (
				BCC41DE22791CD7300703F15 /* Base */,
			);
			name = LaunchScreen.storyboard;
			sourceTree = "<group>";
		};
/* End PBXVariantGroup section */

/* Begin XCBuildConfiguration section */
		BCC41DFB2791CD7400703F15 /* Debug */ = {
			isa = XCBuildConfiguration;
			buildSettings = {
				ALWAYS_SEARCH_USER_PATHS = NO;
				CLANG_ANALYZER_NONNULL = YES;
				CLANG_ANALYZER_NUMBER_OBJECT_CONVERSION = YES_AGGRESSIVE;
				CLANG_CXX_LANGUAGE_STANDARD = "gnu++17";
				CLANG_CXX_LIBRARY = "libc++";
				CLANG_ENABLE_MODULES = YES;
				CLANG_ENABLE_OBJC_ARC = YES;
				CLANG_ENABLE_OBJC_WEAK = YES;
				CLANG_WARN_BLOCK_CAPTURE_AUTORELEASING = YES;
				CLANG_WARN_BOOL_CONVERSION = YES;
				CLANG_WARN_COMMA = YES;
				CLANG_WARN_CONSTANT_CONVERSION = YES;
				CLANG_WARN_DEPRECATED_OBJC_IMPLEMENTATIONS = YES;
				CLANG_WARN_DIRECT_OBJC_ISA_USAGE = YES_ERROR;
				CLANG_WARN_DOCUMENTATION_COMMENTS = YES;
				CLANG_WARN_EMPTY_BODY = YES;
				CLANG_WARN_ENUM_CONVERSION = YES;
				CLANG_WARN_INFINITE_RECURSION = YES;
				CLANG_WARN_INT_CONVERSION = YES;
				CLANG_WARN_NON_LITERAL_NULL_CONVERSION = YES;
				CLANG_WARN_OBJC_IMPLICIT_RETAIN_SELF = YES;
				CLANG_WARN_OBJC_LITERAL_CONVERSION = YES;
				CLANG_WARN_OBJC_ROOT_CLASS = YES_ERROR;
				CLANG_WARN_QUOTED_INCLUDE_IN_FRAMEWORK_HEADER = YES;
				CLANG_WARN_RANGE_LOOP_ANALYSIS = YES;
				CLANG_WARN_STRICT_PROTOTYPES = YES;
				CLANG_WARN_SUSPICIOUS_MOVE = YES;
				CLANG_WARN_UNGUARDED_AVAILABILITY = YES_AGGRESSIVE;
				CLANG_WARN_UNREACHABLE_CODE = YES;
				CLANG_WARN__DUPLICATE_METHOD_MATCH = YES;
				COPY_PHASE_STRIP = NO;
				DEBUG_INFORMATION_FORMAT = dwarf;
				ENABLE_STRICT_OBJC_MSGSEND = YES;
				ENABLE_TESTABILITY = YES;
				GCC_C_LANGUAGE_STANDARD = gnu11;
				GCC_DYNAMIC_NO_PIC = NO;
				GCC_NO_COMMON_BLOCKS = YES;
				GCC_OPTIMIZATION_LEVEL = 0;
				GCC_PREPROCESSOR_DEFINITIONS = (
					"DEBUG=1",
					"$(inherited)",
				);
				GCC_WARN_64_TO_32_BIT_CONVERSION = YES;
				GCC_WARN_ABOUT_RETURN_TYPE = YES_ERROR;
				GCC_WARN_UNDECLARED_SELECTOR = YES;
				GCC_WARN_UNINITIALIZED_AUTOS = YES_AGGRESSIVE;
				GCC_WARN_UNUSED_FUNCTION = YES;
				GCC_WARN_UNUSED_VARIABLE = YES;
				IPHONEOS_DEPLOYMENT_TARGET = 15.2;
				MTL_ENABLE_DEBUG_INFO = INCLUDE_SOURCE;
				MTL_FAST_MATH = YES;
				ONLY_ACTIVE_ARCH = YES;
				SDKROOT = iphoneos;
				SWIFT_ACTIVE_COMPILATION_CONDITIONS = DEBUG;
				SWIFT_OPTIMIZATION_LEVEL = "-Onone";
			};
			name = Debug;
		};
		BCC41DFC2791CD7400703F15 /* Release */ = {
			isa = XCBuildConfiguration;
			buildSettings = {
				ALWAYS_SEARCH_USER_PATHS = NO;
				CLANG_ANALYZER_NONNULL = YES;
				CLANG_ANALYZER_NUMBER_OBJECT_CONVERSION = YES_AGGRESSIVE;
				CLANG_CXX_LANGUAGE_STANDARD = "gnu++17";
				CLANG_CXX_LIBRARY = "libc++";
				CLANG_ENABLE_MODULES = YES;
				CLANG_ENABLE_OBJC_ARC = YES;
				CLANG_ENABLE_OBJC_WEAK = YES;
				CLANG_WARN_BLOCK_CAPTURE_AUTORELEASING = YES;
				CLANG_WARN_BOOL_CONVERSION = YES;
				CLANG_WARN_COMMA = YES;
				CLANG_WARN_CONSTANT_CONVERSION = YES;
				CLANG_WARN_DEPRECATED_OBJC_IMPLEMENTATIONS = YES;
				CLANG_WARN_DIRECT_OBJC_ISA_USAGE = YES_ERROR;
				CLANG_WARN_DOCUMENTATION_COMMENTS = YES;
				CLANG_WARN_EMPTY_BODY = YES;
				CLANG_WARN_ENUM_CONVERSION = YES;
				CLANG_WARN_INFINITE_RECURSION = YES;
				CLANG_WARN_INT_CONVERSION = YES;
				CLANG_WARN_NON_LITERAL_NULL_CONVERSION = YES;
				CLANG_WARN_OBJC_IMPLICIT_RETAIN_SELF = YES;
				CLANG_WARN_OBJC_LITERAL_CONVERSION = YES;
				CLANG_WARN_OBJC_ROOT_CLASS = YES_ERROR;
				CLANG_WARN_QUOTED_INCLUDE_IN_FRAMEWORK_HEADER = YES;
				CLANG_WARN_RANGE_LOOP_ANALYSIS = YES;
				CLANG_WARN_STRICT_PROTOTYPES = YES;
				CLANG_WARN_SUSPICIOUS_MOVE = YES;
				CLANG_WARN_UNGUARDED_AVAILABILITY = YES_AGGRESSIVE;
				CLANG_WARN_UNREACHABLE_CODE = YES;
				CLANG_WARN__DUPLICATE_METHOD_MATCH = YES;
				COPY_PHASE_STRIP = NO;
				DEBUG_INFORMATION_FORMAT = "dwarf-with-dsym";
				ENABLE_NS_ASSERTIONS = NO;
				ENABLE_STRICT_OBJC_MSGSEND = YES;
				GCC_C_LANGUAGE_STANDARD = gnu11;
				GCC_NO_COMMON_BLOCKS = YES;
				GCC_WARN_64_TO_32_BIT_CONVERSION = YES;
				GCC_WARN_ABOUT_RETURN_TYPE = YES_ERROR;
				GCC_WARN_UNDECLARED_SELECTOR = YES;
				GCC_WARN_UNINITIALIZED_AUTOS = YES_AGGRESSIVE;
				GCC_WARN_UNUSED_FUNCTION = YES;
				GCC_WARN_UNUSED_VARIABLE = YES;
				IPHONEOS_DEPLOYMENT_TARGET = 15.2;
				MTL_ENABLE_DEBUG_INFO = NO;
				MTL_FAST_MATH = YES;
				SDKROOT = iphoneos;
				SWIFT_COMPILATION_MODE = wholemodule;
				SWIFT_OPTIMIZATION_LEVEL = "-O";
				VALIDATE_PRODUCT = YES;
			};
			name = Release;
		};
		BCC41DFE2791CD7400703F15 /* Debug */ = {
			isa = XCBuildConfiguration;
			buildSettings = {
				ASSETCATALOG_COMPILER_APPICON_NAME = AppIcon;
				ASSETCATALOG_COMPILER_GLOBAL_ACCENT_COLOR_NAME = AccentColor;
				CODE_SIGN_STYLE = Automatic;
				CURRENT_PROJECT_VERSION = 1;
				GENERATE_INFOPLIST_FILE = YES;
				INFOPLIST_FILE = FMWithXML/Info.plist;
				INFOPLIST_KEY_UIApplicationSupportsIndirectInputEvents = YES;
				INFOPLIST_KEY_UILaunchStoryboardName = LaunchScreen;
				INFOPLIST_KEY_UIMainStoryboardFile = Main;
				INFOPLIST_KEY_UISupportedInterfaceOrientations_iPad = "UIInterfaceOrientationPortrait UIInterfaceOrientationPortraitUpsideDown UIInterfaceOrientationLandscapeLeft UIInterfaceOrientationLandscapeRight";
				INFOPLIST_KEY_UISupportedInterfaceOrientations_iPhone = "UIInterfaceOrientationPortrait UIInterfaceOrientationLandscapeLeft UIInterfaceOrientationLandscapeRight";
				LD_RUNPATH_SEARCH_PATHS = (
					"$(inherited)",
					"@executable_path/Frameworks",
				);
				MARKETING_VERSION = 1.0;
				PRODUCT_BUNDLE_IDENTIFIER = com.com.FMWithXML;
				PRODUCT_NAME = "$(TARGET_NAME)";
				SWIFT_EMIT_LOC_STRINGS = YES;
				SWIFT_VERSION = 5.0;
				TARGETED_DEVICE_FAMILY = "1,2";
			};
			name = Debug;
		};
		BCC41DFF2791CD7400703F15 /* Release */ = {
			isa = XCBuildConfiguration;
			buildSettings = {
				ASSETCATALOG_COMPILER_APPICON_NAME = AppIcon;
				ASSETCATALOG_COMPILER_GLOBAL_ACCENT_COLOR_NAME = AccentColor;
				CODE_SIGN_STYLE = Automatic;
				CURRENT_PROJECT_VERSION = 1;
				GENERATE_INFOPLIST_FILE = YES;
				INFOPLIST_FILE = FMWithXML/Info.plist;
				INFOPLIST_KEY_UIApplicationSupportsIndirectInputEvents = YES;
				INFOPLIST_KEY_UILaunchStoryboardName = LaunchScreen;
				INFOPLIST_KEY_UIMainStoryboardFile = Main;
				INFOPLIST_KEY_UISupportedInterfaceOrientations_iPad = "UIInterfaceOrientationPortrait UIInterfaceOrientationPortraitUpsideDown UIInterfaceOrientationLandscapeLeft UIInterfaceOrientationLandscapeRight";
				INFOPLIST_KEY_UISupportedInterfaceOrientations_iPhone = "UIInterfaceOrientationPortrait UIInterfaceOrientationLandscapeLeft UIInterfaceOrientationLandscapeRight";
				LD_RUNPATH_SEARCH_PATHS = (
					"$(inherited)",
					"@executable_path/Frameworks",
				);
				MARKETING_VERSION = 1.0;
				PRODUCT_BUNDLE_IDENTIFIER = com.com.FMWithXML;
				PRODUCT_NAME = "$(TARGET_NAME)";
				SWIFT_EMIT_LOC_STRINGS = YES;
				SWIFT_VERSION = 5.0;
				TARGETED_DEVICE_FAMILY = "1,2";
			};
			name = Release;
		};
		BCC41E012791CD7400703F15 /* Debug */ = {
			isa = XCBuildConfiguration;
			buildSettings = {
				ALWAYS_EMBED_SWIFT_STANDARD_LIBRARIES = YES;
				BUNDLE_LOADER = "$(TEST_HOST)";
				CODE_SIGN_STYLE = Automatic;
				CURRENT_PROJECT_VERSION = 1;
				GENERATE_INFOPLIST_FILE = YES;
				IPHONEOS_DEPLOYMENT_TARGET = 15.2;
				MARKETING_VERSION = 1.0;
				PRODUCT_BUNDLE_IDENTIFIER = com.com.FMWithXMLTests;
				PRODUCT_NAME = "$(TARGET_NAME)";
				SWIFT_EMIT_LOC_STRINGS = NO;
				SWIFT_VERSION = 5.0;
				TARGETED_DEVICE_FAMILY = "1,2";
				TEST_HOST = "$(BUILT_PRODUCTS_DIR)/FMWithXML.app/FMWithXML";
			};
			name = Debug;
		};
		BCC41E022791CD7400703F15 /* Release */ = {
			isa = XCBuildConfiguration;
			buildSettings = {
				ALWAYS_EMBED_SWIFT_STANDARD_LIBRARIES = YES;
				BUNDLE_LOADER = "$(TEST_HOST)";
				CODE_SIGN_STYLE = Automatic;
				CURRENT_PROJECT_VERSION = 1;
				GENERATE_INFOPLIST_FILE = YES;
				IPHONEOS_DEPLOYMENT_TARGET = 15.2;
				MARKETING_VERSION = 1.0;
				PRODUCT_BUNDLE_IDENTIFIER = com.com.FMWithXMLTests;
				PRODUCT_NAME = "$(TARGET_NAME)";
				SWIFT_EMIT_LOC_STRINGS = NO;
				SWIFT_VERSION = 5.0;
				TARGETED_DEVICE_FAMILY = "1,2";
				TEST_HOST = "$(BUILT_PRODUCTS_DIR)/FMWithXML.app/FMWithXML";
			};
			name = Release;
		};
		BCC41E042791CD7400703F15 /* Debug */ = {
			isa = XCBuildConfiguration;
			buildSettings = {
				ALWAYS_EMBED_SWIFT_STANDARD_LIBRARIES = YES;
				CODE_SIGN_STYLE = Automatic;
				CURRENT_PROJECT_VERSION = 1;
				GENERATE_INFOPLIST_FILE = YES;
				MARKETING_VERSION = 1.0;
				PRODUCT_BUNDLE_IDENTIFIER = com.com.FMWithXMLUITests;
				PRODUCT_NAME = "$(TARGET_NAME)";
				SWIFT_EMIT_LOC_STRINGS = NO;
				SWIFT_VERSION = 5.0;
				TARGETED_DEVICE_FAMILY = "1,2";
				TEST_TARGET_NAME = FMWithXML;
			};
			name = Debug;
		};
		BCC41E052791CD7400703F15 /* Release */ = {
			isa = XCBuildConfiguration;
			buildSettings = {
				ALWAYS_EMBED_SWIFT_STANDARD_LIBRARIES = YES;
				CODE_SIGN_STYLE = Automatic;
				CURRENT_PROJECT_VERSION = 1;
				GENERATE_INFOPLIST_FILE = YES;
				MARKETING_VERSION = 1.0;
				PRODUCT_BUNDLE_IDENTIFIER = com.com.FMWithXMLUITests;
				PRODUCT_NAME = "$(TARGET_NAME)";
				SWIFT_EMIT_LOC_STRINGS = NO;
				SWIFT_VERSION = 5.0;
				TARGETED_DEVICE_FAMILY = "1,2";
				TEST_TARGET_NAME = FMWithXML;
			};
			name = Release;
		};
/* End XCBuildConfiguration section */

/* Begin XCConfigurationList section */
		BCC41DCE2791CD6E00703F15 /* Build configuration list for PBXProject "FMWithXML" */ = {
			isa = XCConfigurationList;
			buildConfigurations = (
				BCC41DFB2791CD7400703F15 /* Debug */,
				BCC41DFC2791CD7400703F15 /* Release */,
			);
			defaultConfigurationIsVisible = 0;
			defaultConfigurationName = Release;
		};
		BCC41DFD2791CD7400703F15 /* Build configuration list for PBXNativeTarget "FMWithXML" */ = {
			isa = XCConfigurationList;
			buildConfigurations = (
				BCC41DFE2791CD7400703F15 /* Debug */,
				BCC41DFF2791CD7400703F15 /* Release */,
			);
			defaultConfigurationIsVisible = 0;
			defaultConfigurationName = Release;
		};
		BCC41E002791CD7400703F15 /* Build configuration list for PBXNativeTarget "FMWithXMLTests" */ = {
			isa = XCConfigurationList;
			buildConfigurations = (
				BCC41E012791CD7400703F15 /* Debug */,
				BCC41E022791CD7400703F15 /* Release */,
			);
			defaultConfigurationIsVisible = 0;
			defaultConfigurationName = Release;
		};
		BCC41E032791CD7400703F15 /* Build configuration list for PBXNativeTarget "FMWithXMLUITests" */ = {
			isa = XCConfigurationList;
			buildConfigurations = (
				BCC41E042791CD7400703F15 /* Debug */,
				BCC41E052791CD7400703F15 /* Release */,
			);
			defaultConfigurationIsVisible = 0;
			defaultConfigurationName = Release;
		};
/* End XCConfigurationList section */
	};
	rootObject = BCC41DCB2791CD6E00703F15 /* Project object */;
}
